
Microsoft Visual Studio Solution File, Format Version 12.00
# Visual Studio 14
VisualStudioVersion = 14.0.25420.1
MinimumVisualStudioVersion = 10.0.40219.1
Project("{FAE04EC0-301F-11D3-BF4B-00C04F79EFBC}") = "KortleserDummy", "UDP_Test_GUI\KortleserDummy.csproj", "{2D56D4DA-8412-4B52-93FC-F874B2417933}"
EndProject
Project("{FAE04EC0-301F-11D3-BF4B-00C04F79EFBC}") = "Adgang", "Client\Adgang.csproj", "{1E967AD2-5E06-4A48-BADC-3B36B3B3D468}"
EndProject
Global
	GlobalSection(SolutionConfigurationPlatforms) = preSolution
		Debug|Any CPU = Debug|Any CPU
		Release|Any CPU = Release|Any CPU
	EndGlobalSection
	GlobalSection(ProjectConfigurationPlatforms) = postSolution
		{2D56D4DA-8412-4B52-93FC-F874B2417933}.Debug|Any CPU.ActiveCfg = Debug|Any CPU
		{2D56D4DA-8412-4B52-93FC-F874B2417933}.Debug|Any CPU.Build.0 = Debug|Any CPU
		{2D56D4DA-8412-4B52-93FC-F874B2417933}.Release|Any CPU.ActiveCfg = Release|Any CPU
		{2D56D4DA-8412-4B52-93FC-F874B2417933}.Release|Any CPU.Build.0 = Release|Any CPU
		{1E967AD2-5E06-4A48-BADC-3B36B3B3D468}.Debug|Any CPU.ActiveCfg = Debug|Any CPU
		{1E967AD2-5E06-4A48-BADC-3B36B3B3D468}.Debug|Any CPU.Build.0 = Debug|Any CPU
		{1E967AD2-5E06-4A48-BADC-3B36B3B3D468}.Release|Any CPU.ActiveCfg = Release|Any CPU
		{1E967AD2-5E06-4A48-BADC-3B36B3B3D468}.Release|Any CPU.Build.0 = Release|Any CPU
	EndGlobalSection
	GlobalSection(SolutionProperties) = preSolution
		HideSolutionNode = FALSE
	EndGlobalSection
EndGlobal
